// !$*UTF8*$!
{
	archiveVersion = 1;
	classes = {
	};
	objectVersion = 56;
	objects = {

/* Begin PBXBuildFile section */
		BD6349EA2A6FAB9300F2F1AA /* AppDelegate.swift in Sources */ = {isa = PBXBuildFile; fileRef = BD6349E92A6FAB9300F2F1AA /* AppDelegate.swift */; };
		BD6349EC2A6FAB9300F2F1AA /* SceneDelegate.swift in Sources */ = {isa = PBXBuildFile; fileRef = BD6349EB2A6FAB9300F2F1AA /* SceneDelegate.swift */; };
		BD6349EE2A6FAB9300F2F1AA /* ChoosingRelocationOptionViewController.swift in Sources */ = {isa = PBXBuildFile; fileRef = BD6349ED2A6FAB9300F2F1AA /* ChoosingRelocationOptionViewController.swift */; };
		BD6349F32A6FAB9400F2F1AA /* Assets.xcassets in Resources */ = {isa = PBXBuildFile; fileRef = BD6349F22A6FAB9400F2F1AA /* Assets.xcassets */; };
		BD6349F62A6FAB9400F2F1AA /* LaunchScreen.storyboard in Resources */ = {isa = PBXBuildFile; fileRef = BD6349F42A6FAB9400F2F1AA /* LaunchScreen.storyboard */; };
		BD634A012A6FAB9400F2F1AA /* Relocate_RoadmapTests.swift in Sources */ = {isa = PBXBuildFile; fileRef = BD634A002A6FAB9400F2F1AA /* Relocate_RoadmapTests.swift */; };
		BD634A0B2A6FAB9400F2F1AA /* Relocate_RoadmapUITests.swift in Sources */ = {isa = PBXBuildFile; fileRef = BD634A0A2A6FAB9400F2F1AA /* Relocate_RoadmapUITests.swift */; };
		BD634A0D2A6FAB9400F2F1AA /* Relocate_RoadmapUITestsLaunchTests.swift in Sources */ = {isa = PBXBuildFile; fileRef = BD634A0C2A6FAB9400F2F1AA /* Relocate_RoadmapUITestsLaunchTests.swift */; };
		BD634A212A6FFFF500F2F1AA /* ViewModel.swift in Sources */ = {isa = PBXBuildFile; fileRef = BD634A202A6FFFF500F2F1AA /* ViewModel.swift */; };
		BD634A242A7000F600F2F1AA /* SetupFindPartnerViewController.swift in Sources */ = {isa = PBXBuildFile; fileRef = BD634A232A7000F500F2F1AA /* SetupFindPartnerViewController.swift */; };
		BD634A272A70044F00F2F1AA /* SnapKit in Frameworks */ = {isa = PBXBuildFile; productRef = BD634A262A70044F00F2F1AA /* SnapKit */; };
		BD634A2F2A705BA700F2F1AA /* CustomFonts.swift in Sources */ = {isa = PBXBuildFile; fileRef = BD634A2E2A705BA700F2F1AA /* CustomFonts.swift */; };
		BD634A302A705CAC00F2F1AA /* Montserrat-SemiBold.ttf in Resources */ = {isa = PBXBuildFile; fileRef = BD634A292A705AA100F2F1AA /* Montserrat-SemiBold.ttf */; };
		BD634A312A705CAF00F2F1AA /* Roboto-Medium.ttf in Resources */ = {isa = PBXBuildFile; fileRef = BD634A2C2A705B2E00F2F1AA /* Roboto-Medium.ttf */; };
		BD634A322A705D2200F2F1AA /* Montserrat-Regular.ttf in Resources */ = {isa = PBXBuildFile; fileRef = BD634A2D2A705B6100F2F1AA /* Montserrat-Regular.ttf */; };
		BD634A332A705D2500F2F1AA /* Poppins-Bold.ttf in Resources */ = {isa = PBXBuildFile; fileRef = BD634A2B2A705AE200F2F1AA /* Poppins-Bold.ttf */; };
		BD634A342A705D2800F2F1AA /* Montserrat-Bold.ttf in Resources */ = {isa = PBXBuildFile; fileRef = BD634A2A2A705AC400F2F1AA /* Montserrat-Bold.ttf */; };
		BD634A352A705D2B00F2F1AA /* Roboto-Regular.ttf in Resources */ = {isa = PBXBuildFile; fileRef = BD634A282A705A7B00F2F1AA /* Roboto-Regular.ttf */; };
		BD634A382A70652C00F2F1AA /* Colors.swift in Sources */ = {isa = PBXBuildFile; fileRef = BD634A372A70652C00F2F1AA /* Colors.swift */; };
		BD634A3C2A706EA400F2F1AA /* CustomButton.swift in Sources */ = {isa = PBXBuildFile; fileRef = BD634A3B2A706EA400F2F1AA /* CustomButton.swift */; };
		BD634A402A70EC7A00F2F1AA /* PrimaryButtonStyle.swift in Sources */ = {isa = PBXBuildFile; fileRef = BD634A3F2A70EC7A00F2F1AA /* PrimaryButtonStyle.swift */; };
		BD634A422A71048E00F2F1AA /* HelpButtonStyle.swift in Sources */ = {isa = PBXBuildFile; fileRef = BD634A412A71048E00F2F1AA /* HelpButtonStyle.swift */; };
		BD634A442A71049D00F2F1AA /* SearchButtonStyle.swift in Sources */ = {isa = PBXBuildFile; fileRef = BD634A432A71049D00F2F1AA /* SearchButtonStyle.swift */; };
		BD634A472A7129AA00F2F1AA /* MediumButton.swift in Sources */ = {isa = PBXBuildFile; fileRef = BD634A462A7129AA00F2F1AA /* MediumButton.swift */; };
		BD6896362A72504500561ACD /* CustomSlider.swift in Sources */ = {isa = PBXBuildFile; fileRef = BD6896352A72504500561ACD /* CustomSlider.swift */; };
		BD6896382A7295C700561ACD /* ChoosePartnerViewController.swift in Sources */ = {isa = PBXBuildFile; fileRef = BD6896372A7295C700561ACD /* ChoosePartnerViewController.swift */; };
		BD68963C2A72B7E100561ACD /* ProfileTableViewCell.swift in Sources */ = {isa = PBXBuildFile; fileRef = BD68963B2A72B7E100561ACD /* ProfileTableViewCell.swift */; };
		BD68963F2A72BF3D00561ACD /* ProfileDetailViewController.swift in Sources */ = {isa = PBXBuildFile; fileRef = BD68963E2A72BF3D00561ACD /* ProfileDetailViewController.swift */; };
		BD8ABFEF2A73050F00382D63 /* ChatViewController.swift in Sources */ = {isa = PBXBuildFile; fileRef = BD8ABFEE2A73050F00382D63 /* ChatViewController.swift */; };
		BD8ABFF22A73056600382D63 /* MessageCell.swift in Sources */ = {isa = PBXBuildFile; fileRef = BD8ABFF12A73056600382D63 /* MessageCell.swift */; };
		BD8ABFF52A73A67600382D63 /* AuthorizationViewController.swift in Sources */ = {isa = PBXBuildFile; fileRef = BD8ABFF42A73A67600382D63 /* AuthorizationViewController.swift */; };
		BD8ABFF72A73C46B00382D63 /* CustomTextField.swift in Sources */ = {isa = PBXBuildFile; fileRef = BD8ABFF62A73C46B00382D63 /* CustomTextField.swift */; };
		BDCEC0C42A73D73D0008CA34 /* MediumTextField.swift in Sources */ = {isa = PBXBuildFile; fileRef = BDCEC0C32A73D73D0008CA34 /* MediumTextField.swift */; };
		BDCEC0C62A73D8E60008CA34 /* PrimaryTextField.swift in Sources */ = {isa = PBXBuildFile; fileRef = BDCEC0C52A73D8E60008CA34 /* PrimaryTextField.swift */; };
		BDCEC0C82A74035F0008CA34 /* LoginViewController.swift in Sources */ = {isa = PBXBuildFile; fileRef = BDCEC0C72A74035F0008CA34 /* LoginViewController.swift */; };
		BDCEC0CA2A7405CB0008CA34 /* RegistrationViewController.swift in Sources */ = {isa = PBXBuildFile; fileRef = BDCEC0C92A7405CB0008CA34 /* RegistrationViewController.swift */; };
		BDCEC0CC2A7406E10008CA34 /* OnboardingViewController.swift in Sources */ = {isa = PBXBuildFile; fileRef = BDCEC0CB2A7406E10008CA34 /* OnboardingViewController.swift */; };
		BDCEC0CE2A740D110008CA34 /* ChooseCountryViewController.swift in Sources */ = {isa = PBXBuildFile; fileRef = BDCEC0CD2A740D110008CA34 /* ChooseCountryViewController.swift */; };
		BDCEC0D12A7795D00008CA34 /* SecondaryButtonStyle.swift in Sources */ = {isa = PBXBuildFile; fileRef = BDCEC0D02A7795D00008CA34 /* SecondaryButtonStyle.swift */; };
		BDCEC0D52A7811000008CA34 /* SmallButton.swift in Sources */ = {isa = PBXBuildFile; fileRef = BDCEC0D42A7811000008CA34 /* SmallButton.swift */; };
/* End PBXBuildFile section */

/* Begin PBXContainerItemProxy section */
		BD6349FD2A6FAB9400F2F1AA /* PBXContainerItemProxy */ = {
			isa = PBXContainerItemProxy;
			containerPortal = BD6349DE2A6FAB9300F2F1AA /* Project object */;
			proxyType = 1;
			remoteGlobalIDString = BD6349E52A6FAB9300F2F1AA;
			remoteInfo = "Relocate Roadmap";
		};
		BD634A072A6FAB9400F2F1AA /* PBXContainerItemProxy */ = {
			isa = PBXContainerItemProxy;
			containerPortal = BD6349DE2A6FAB9300F2F1AA /* Project object */;
			proxyType = 1;
			remoteGlobalIDString = BD6349E52A6FAB9300F2F1AA;
			remoteInfo = "Relocate Roadmap";
		};
/* End PBXContainerItemProxy section */

/* Begin PBXFileReference section */
		BD6349E62A6FAB9300F2F1AA /* Relocate Roadmap.app */ = {isa = PBXFileReference; explicitFileType = wrapper.application; includeInIndex = 0; path = "Relocate Roadmap.app"; sourceTree = BUILT_PRODUCTS_DIR; };
		BD6349E92A6FAB9300F2F1AA /* AppDelegate.swift */ = {isa = PBXFileReference; lastKnownFileType = sourcecode.swift; path = AppDelegate.swift; sourceTree = "<group>"; };
		BD6349EB2A6FAB9300F2F1AA /* SceneDelegate.swift */ = {isa = PBXFileReference; lastKnownFileType = sourcecode.swift; path = SceneDelegate.swift; sourceTree = "<group>"; };
		BD6349ED2A6FAB9300F2F1AA /* ChoosingRelocationOptionViewController.swift */ = {isa = PBXFileReference; lastKnownFileType = sourcecode.swift; path = ChoosingRelocationOptionViewController.swift; sourceTree = "<group>"; };
		BD6349F22A6FAB9400F2F1AA /* Assets.xcassets */ = {isa = PBXFileReference; lastKnownFileType = folder.assetcatalog; path = Assets.xcassets; sourceTree = "<group>"; };
		BD6349F52A6FAB9400F2F1AA /* Base */ = {isa = PBXFileReference; lastKnownFileType = file.storyboard; name = Base; path = Base.lproj/LaunchScreen.storyboard; sourceTree = "<group>"; };
		BD6349F72A6FAB9400F2F1AA /* Info.plist */ = {isa = PBXFileReference; lastKnownFileType = text.plist.xml; path = Info.plist; sourceTree = "<group>"; };
		BD6349FC2A6FAB9400F2F1AA /* Relocate RoadmapTests.xctest */ = {isa = PBXFileReference; explicitFileType = wrapper.cfbundle; includeInIndex = 0; path = "Relocate RoadmapTests.xctest"; sourceTree = BUILT_PRODUCTS_DIR; };
		BD634A002A6FAB9400F2F1AA /* Relocate_RoadmapTests.swift */ = {isa = PBXFileReference; lastKnownFileType = sourcecode.swift; path = Relocate_RoadmapTests.swift; sourceTree = "<group>"; };
		BD634A062A6FAB9400F2F1AA /* Relocate RoadmapUITests.xctest */ = {isa = PBXFileReference; explicitFileType = wrapper.cfbundle; includeInIndex = 0; path = "Relocate RoadmapUITests.xctest"; sourceTree = BUILT_PRODUCTS_DIR; };
		BD634A0A2A6FAB9400F2F1AA /* Relocate_RoadmapUITests.swift */ = {isa = PBXFileReference; lastKnownFileType = sourcecode.swift; path = Relocate_RoadmapUITests.swift; sourceTree = "<group>"; };
		BD634A0C2A6FAB9400F2F1AA /* Relocate_RoadmapUITestsLaunchTests.swift */ = {isa = PBXFileReference; lastKnownFileType = sourcecode.swift; path = Relocate_RoadmapUITestsLaunchTests.swift; sourceTree = "<group>"; };
		BD634A202A6FFFF500F2F1AA /* ViewModel.swift */ = {isa = PBXFileReference; lastKnownFileType = sourcecode.swift; path = ViewModel.swift; sourceTree = "<group>"; };
		BD634A232A7000F500F2F1AA /* SetupFindPartnerViewController.swift */ = {isa = PBXFileReference; lastKnownFileType = sourcecode.swift; path = SetupFindPartnerViewController.swift; sourceTree = "<group>"; };
		BD634A282A705A7B00F2F1AA /* Roboto-Regular.ttf */ = {isa = PBXFileReference; lastKnownFileType = file; path = "Roboto-Regular.ttf"; sourceTree = "<group>"; };
		BD634A292A705AA100F2F1AA /* Montserrat-SemiBold.ttf */ = {isa = PBXFileReference; lastKnownFileType = file; path = "Montserrat-SemiBold.ttf"; sourceTree = "<group>"; };
		BD634A2A2A705AC400F2F1AA /* Montserrat-Bold.ttf */ = {isa = PBXFileReference; lastKnownFileType = file; path = "Montserrat-Bold.ttf"; sourceTree = "<group>"; };
		BD634A2B2A705AE200F2F1AA /* Poppins-Bold.ttf */ = {isa = PBXFileReference; lastKnownFileType = file; path = "Poppins-Bold.ttf"; sourceTree = "<group>"; };
		BD634A2C2A705B2E00F2F1AA /* Roboto-Medium.ttf */ = {isa = PBXFileReference; lastKnownFileType = file; path = "Roboto-Medium.ttf"; sourceTree = "<group>"; };
		BD634A2D2A705B6100F2F1AA /* Montserrat-Regular.ttf */ = {isa = PBXFileReference; lastKnownFileType = file; path = "Montserrat-Regular.ttf"; sourceTree = "<group>"; };
		BD634A2E2A705BA700F2F1AA /* CustomFonts.swift */ = {isa = PBXFileReference; lastKnownFileType = sourcecode.swift; path = CustomFonts.swift; sourceTree = "<group>"; };
		BD634A372A70652C00F2F1AA /* Colors.swift */ = {isa = PBXFileReference; lastKnownFileType = sourcecode.swift; path = Colors.swift; sourceTree = "<group>"; };
		BD634A3B2A706EA400F2F1AA /* CustomButton.swift */ = {isa = PBXFileReference; lastKnownFileType = sourcecode.swift; path = CustomButton.swift; sourceTree = "<group>"; };
		BD634A3F2A70EC7A00F2F1AA /* PrimaryButtonStyle.swift */ = {isa = PBXFileReference; lastKnownFileType = sourcecode.swift; path = PrimaryButtonStyle.swift; sourceTree = "<group>"; };
		BD634A412A71048E00F2F1AA /* HelpButtonStyle.swift */ = {isa = PBXFileReference; lastKnownFileType = sourcecode.swift; path = HelpButtonStyle.swift; sourceTree = "<group>"; };
		BD634A432A71049D00F2F1AA /* SearchButtonStyle.swift */ = {isa = PBXFileReference; lastKnownFileType = sourcecode.swift; path = SearchButtonStyle.swift; sourceTree = "<group>"; };
		BD634A462A7129AA00F2F1AA /* MediumButton.swift */ = {isa = PBXFileReference; lastKnownFileType = sourcecode.swift; path = MediumButton.swift; sourceTree = "<group>"; };
		BD6896352A72504500561ACD /* CustomSlider.swift */ = {isa = PBXFileReference; lastKnownFileType = sourcecode.swift; path = CustomSlider.swift; sourceTree = "<group>"; };
		BD6896372A7295C700561ACD /* ChoosePartnerViewController.swift */ = {isa = PBXFileReference; lastKnownFileType = sourcecode.swift; path = ChoosePartnerViewController.swift; sourceTree = "<group>"; };
		BD68963B2A72B7E100561ACD /* ProfileTableViewCell.swift */ = {isa = PBXFileReference; lastKnownFileType = sourcecode.swift; path = ProfileTableViewCell.swift; sourceTree = "<group>"; };
		BD68963E2A72BF3D00561ACD /* ProfileDetailViewController.swift */ = {isa = PBXFileReference; lastKnownFileType = sourcecode.swift; path = ProfileDetailViewController.swift; sourceTree = "<group>"; };
		BD8ABFEE2A73050F00382D63 /* ChatViewController.swift */ = {isa = PBXFileReference; lastKnownFileType = sourcecode.swift; path = ChatViewController.swift; sourceTree = "<group>"; };
		BD8ABFF12A73056600382D63 /* MessageCell.swift */ = {isa = PBXFileReference; lastKnownFileType = sourcecode.swift; path = MessageCell.swift; sourceTree = "<group>"; };
		BD8ABFF42A73A67600382D63 /* AuthorizationViewController.swift */ = {isa = PBXFileReference; lastKnownFileType = sourcecode.swift; path = AuthorizationViewController.swift; sourceTree = "<group>"; };
		BD8ABFF62A73C46B00382D63 /* CustomTextField.swift */ = {isa = PBXFileReference; lastKnownFileType = sourcecode.swift; path = CustomTextField.swift; sourceTree = "<group>"; };
		BDCEC0C32A73D73D0008CA34 /* MediumTextField.swift */ = {isa = PBXFileReference; lastKnownFileType = sourcecode.swift; path = MediumTextField.swift; sourceTree = "<group>"; };
		BDCEC0C52A73D8E60008CA34 /* PrimaryTextField.swift */ = {isa = PBXFileReference; lastKnownFileType = sourcecode.swift; path = PrimaryTextField.swift; sourceTree = "<group>"; };
		BDCEC0C72A74035F0008CA34 /* LoginViewController.swift */ = {isa = PBXFileReference; lastKnownFileType = sourcecode.swift; path = LoginViewController.swift; sourceTree = "<group>"; };
		BDCEC0C92A7405CB0008CA34 /* RegistrationViewController.swift */ = {isa = PBXFileReference; lastKnownFileType = sourcecode.swift; path = RegistrationViewController.swift; sourceTree = "<group>"; };
		BDCEC0CB2A7406E10008CA34 /* OnboardingViewController.swift */ = {isa = PBXFileReference; lastKnownFileType = sourcecode.swift; path = OnboardingViewController.swift; sourceTree = "<group>"; };
		BDCEC0CD2A740D110008CA34 /* ChooseCountryViewController.swift */ = {isa = PBXFileReference; lastKnownFileType = sourcecode.swift; path = ChooseCountryViewController.swift; sourceTree = "<group>"; };
		BDCEC0D02A7795D00008CA34 /* SecondaryButtonStyle.swift */ = {isa = PBXFileReference; lastKnownFileType = sourcecode.swift; path = SecondaryButtonStyle.swift; sourceTree = "<group>"; };
		BDCEC0D42A7811000008CA34 /* SmallButton.swift */ = {isa = PBXFileReference; lastKnownFileType = sourcecode.swift; path = SmallButton.swift; sourceTree = "<group>"; };
/* End PBXFileReference section */

/* Begin PBXFrameworksBuildPhase section */
		BD6349E32A6FAB9300F2F1AA /* Frameworks */ = {
			isa = PBXFrameworksBuildPhase;
			buildActionMask = 2147483647;
			files = (
				BD634A272A70044F00F2F1AA /* SnapKit in Frameworks */,
			);
			runOnlyForDeploymentPostprocessing = 0;
		};
		BD6349F92A6FAB9400F2F1AA /* Frameworks */ = {
			isa = PBXFrameworksBuildPhase;
			buildActionMask = 2147483647;
			files = (
			);
			runOnlyForDeploymentPostprocessing = 0;
		};
		BD634A032A6FAB9400F2F1AA /* Frameworks */ = {
			isa = PBXFrameworksBuildPhase;
			buildActionMask = 2147483647;
			files = (
			);
			runOnlyForDeploymentPostprocessing = 0;
		};
/* End PBXFrameworksBuildPhase section */

/* Begin PBXGroup section */
		BD6349DD2A6FAB9300F2F1AA = {
			isa = PBXGroup;
			children = (
				BD6349E82A6FAB9300F2F1AA /* Relocate Roadmap */,
				BD6349FF2A6FAB9400F2F1AA /* Relocate RoadmapTests */,
				BD634A092A6FAB9400F2F1AA /* Relocate RoadmapUITests */,
				BD6349E72A6FAB9300F2F1AA /* Products */,
			);
			sourceTree = "<group>";
		};
		BD6349E72A6FAB9300F2F1AA /* Products */ = {
			isa = PBXGroup;
			children = (
				BD6349E62A6FAB9300F2F1AA /* Relocate Roadmap.app */,
				BD6349FC2A6FAB9400F2F1AA /* Relocate RoadmapTests.xctest */,
				BD634A062A6FAB9400F2F1AA /* Relocate RoadmapUITests.xctest */,
			);
			name = Products;
			sourceTree = "<group>";
		};
		BD6349E82A6FAB9300F2F1AA /* Relocate Roadmap */ = {
			isa = PBXGroup;
			children = (
				BD634A192A6FB23500F2F1AA /* Presentation modules */,
				BD634A1A2A6FB24C00F2F1AA /* Models */,
				BD634A1B2A6FB25300F2F1AA /* StoryBoard */,
				BD634A1C2A6FB26500F2F1AA /* Supporting Files */,
				BD634A1F2A6FB28700F2F1AA /* Services */,
				BD634A1E2A6FB27E00F2F1AA /* Resources */,
				BD634A1D2A6FB27600F2F1AA /* Helpers */,
			);
			path = "Relocate Roadmap";
			sourceTree = "<group>";
		};
		BD6349FF2A6FAB9400F2F1AA /* Relocate RoadmapTests */ = {
			isa = PBXGroup;
			children = (
				BD634A002A6FAB9400F2F1AA /* Relocate_RoadmapTests.swift */,
			);
			path = "Relocate RoadmapTests";
			sourceTree = "<group>";
		};
		BD634A092A6FAB9400F2F1AA /* Relocate RoadmapUITests */ = {
			isa = PBXGroup;
			children = (
				BD634A0A2A6FAB9400F2F1AA /* Relocate_RoadmapUITests.swift */,
				BD634A0C2A6FAB9400F2F1AA /* Relocate_RoadmapUITestsLaunchTests.swift */,
			);
			path = "Relocate RoadmapUITests";
			sourceTree = "<group>";
		};
		BD634A192A6FB23500F2F1AA /* Presentation modules */ = {
			isa = PBXGroup;
			children = (
				BDCEC0D32A7806950008CA34 /* LoginScene */,
				BDCEC0D22A779BE40008CA34 /* Onboarding */,
				BDCEC0CF2A7785BF0008CA34 /* AuthorizationScene */,
				BD8ABFF32A73A62600382D63 /* RegistrationScene */,
				BD6896402A7304C500561ACD /* ChatScene */,
				BD68963D2A72BE6E00561ACD /* ProfileScene */,
				BD6896392A72B7A000561ACD /* ProfilesListScene */,
				BD634A222A6FFFF900F2F1AA /* ChoiseRelocation */,
			);
			path = "Presentation modules";
			sourceTree = "<group>";
		};
		BD634A1A2A6FB24C00F2F1AA /* Models */ = {
			isa = PBXGroup;
			children = (
			);
			path = Models;
			sourceTree = "<group>";
		};
		BD634A1B2A6FB25300F2F1AA /* StoryBoard */ = {
			isa = PBXGroup;
			children = (
				BD6349F42A6FAB9400F2F1AA /* LaunchScreen.storyboard */,
			);
			name = StoryBoard;
			sourceTree = "<group>";
		};
		BD634A1C2A6FB26500F2F1AA /* Supporting Files */ = {
			isa = PBXGroup;
			children = (
				BD6349EB2A6FAB9300F2F1AA /* SceneDelegate.swift */,
				BD6349F72A6FAB9400F2F1AA /* Info.plist */,
				BD6349E92A6FAB9300F2F1AA /* AppDelegate.swift */,
			);
			path = "Supporting Files";
			sourceTree = "<group>";
		};
		BD634A1D2A6FB27600F2F1AA /* Helpers */ = {
			isa = PBXGroup;
			children = (
			);
			path = Helpers;
			sourceTree = "<group>";
		};
		BD634A1E2A6FB27E00F2F1AA /* Resources */ = {
			isa = PBXGroup;
			children = (
				BD634A3D2A70EC3700F2F1AA /* Configurations */,
				BD634A3A2A706E7F00F2F1AA /* Components */,
				BD634A392A706E6F00F2F1AA /* Colors */,
				BD634A362A7063FD00F2F1AA /* Fonts */,
				BD6349F22A6FAB9400F2F1AA /* Assets.xcassets */,
			);
			path = Resources;
			sourceTree = "<group>";
		};
		BD634A1F2A6FB28700F2F1AA /* Services */ = {
			isa = PBXGroup;
			children = (
			);
			path = Services;
			sourceTree = "<group>";
		};
		BD634A222A6FFFF900F2F1AA /* ChoiseRelocation */ = {
			isa = PBXGroup;
			children = (
				BD634A202A6FFFF500F2F1AA /* ViewModel.swift */,
				BD6349ED2A6FAB9300F2F1AA /* ChoosingRelocationOptionViewController.swift */,
				BD634A232A7000F500F2F1AA /* SetupFindPartnerViewController.swift */,
				BD6896352A72504500561ACD /* CustomSlider.swift */,
				BDCEC0CD2A740D110008CA34 /* ChooseCountryViewController.swift */,
			);
			path = ChoiseRelocation;
			sourceTree = "<group>";
		};
		BD634A362A7063FD00F2F1AA /* Fonts */ = {
			isa = PBXGroup;
			children = (
				BD634A2E2A705BA700F2F1AA /* CustomFonts.swift */,
				BD634A282A705A7B00F2F1AA /* Roboto-Regular.ttf */,
				BD634A2B2A705AE200F2F1AA /* Poppins-Bold.ttf */,
				BD634A2D2A705B6100F2F1AA /* Montserrat-Regular.ttf */,
				BD634A2C2A705B2E00F2F1AA /* Roboto-Medium.ttf */,
				BD634A2A2A705AC400F2F1AA /* Montserrat-Bold.ttf */,
				BD634A292A705AA100F2F1AA /* Montserrat-SemiBold.ttf */,
			);
			path = Fonts;
			sourceTree = "<group>";
		};
		BD634A392A706E6F00F2F1AA /* Colors */ = {
			isa = PBXGroup;
			children = (
				BD634A372A70652C00F2F1AA /* Colors.swift */,
			);
			path = Colors;
			sourceTree = "<group>";
		};
		BD634A3A2A706E7F00F2F1AA /* Components */ = {
			isa = PBXGroup;
			children = (
				BD634A3B2A706EA400F2F1AA /* CustomButton.swift */,
				BD8ABFF62A73C46B00382D63 /* CustomTextField.swift */,
			);
			path = Components;
			sourceTree = "<group>";
		};
		BD634A3D2A70EC3700F2F1AA /* Configurations */ = {
			isa = PBXGroup;
			children = (
				BD8ABFF82A73C50C00382D63 /* Buttons */,
			);
			path = Configurations;
			sourceTree = "<group>";
		};
		BD634A3E2A70EC5100F2F1AA /* CustomButtonStyle */ = {
			isa = PBXGroup;
			children = (
				BD634A3F2A70EC7A00F2F1AA /* PrimaryButtonStyle.swift */,
				BDCEC0D02A7795D00008CA34 /* SecondaryButtonStyle.swift */,
				BD634A412A71048E00F2F1AA /* HelpButtonStyle.swift */,
				BD634A432A71049D00F2F1AA /* SearchButtonStyle.swift */,
			);
			path = CustomButtonStyle;
			sourceTree = "<group>";
		};
		BD634A452A71298900F2F1AA /* CustomButtonSize */ = {
			isa = PBXGroup;
			children = (
				BD634A462A7129AA00F2F1AA /* MediumButton.swift */,
				BDCEC0D42A7811000008CA34 /* SmallButton.swift */,
			);
			path = CustomButtonSize;
			sourceTree = "<group>";
		};
		BD6896392A72B7A000561ACD /* ProfilesListScene */ = {
			isa = PBXGroup;
			children = (
				BD68963A2A72B7BB00561ACD /* Views */,
				BD6896372A7295C700561ACD /* ChoosePartnerViewController.swift */,
			);
			path = ProfilesListScene;
			sourceTree = "<group>";
		};
		BD68963A2A72B7BB00561ACD /* Views */ = {
			isa = PBXGroup;
			children = (
				BD68963B2A72B7E100561ACD /* ProfileTableViewCell.swift */,
			);
			path = Views;
			sourceTree = "<group>";
		};
		BD68963D2A72BE6E00561ACD /* ProfileScene */ = {
			isa = PBXGroup;
			children = (
				BD68963E2A72BF3D00561ACD /* ProfileDetailViewController.swift */,
			);
			path = ProfileScene;
			sourceTree = "<group>";
		};
		BD6896402A7304C500561ACD /* ChatScene */ = {
			isa = PBXGroup;
			children = (
				BD8ABFEE2A73050F00382D63 /* ChatViewController.swift */,
				BD8ABFF02A73054700382D63 /* Views */,
			);
			path = ChatScene;
			sourceTree = "<group>";
		};
		BD8ABFF02A73054700382D63 /* Views */ = {
			isa = PBXGroup;
			children = (
				BD8ABFF12A73056600382D63 /* MessageCell.swift */,
			);
			path = Views;
			sourceTree = "<group>";
		};
		BD8ABFF32A73A62600382D63 /* RegistrationScene */ = {
			isa = PBXGroup;
			children = (
				BDCEC0C92A7405CB0008CA34 /* RegistrationViewController.swift */,
			);
			path = RegistrationScene;
			sourceTree = "<group>";
		};
		BD8ABFF82A73C50C00382D63 /* Buttons */ = {
			isa = PBXGroup;
			children = (
				BDCEC0C22A73D7130008CA34 /* TextFields */,
				BD634A3E2A70EC5100F2F1AA /* CustomButtonStyle */,
				BD634A452A71298900F2F1AA /* CustomButtonSize */,
			);
			path = Buttons;
			sourceTree = "<group>";
		};
		BDCEC0C22A73D7130008CA34 /* TextFields */ = {
			isa = PBXGroup;
			children = (
				BDCEC0C32A73D73D0008CA34 /* MediumTextField.swift */,
				BDCEC0C52A73D8E60008CA34 /* PrimaryTextField.swift */,
			);
			path = TextFields;
			sourceTree = "<group>";
		};
		BDCEC0CF2A7785BF0008CA34 /* AuthorizationScene */ = {
			isa = PBXGroup;
			children = (
				BD8ABFF42A73A67600382D63 /* AuthorizationViewController.swift */,
			);
			path = AuthorizationScene;
			sourceTree = "<group>";
		};
		BDCEC0D22A779BE40008CA34 /* Onboarding */ = {
			isa = PBXGroup;
			children = (
				BDCEC0CB2A7406E10008CA34 /* OnboardingViewController.swift */,
			);
			path = Onboarding;
			sourceTree = "<group>";
		};
		BDCEC0D32A7806950008CA34 /* LoginScene */ = {
			isa = PBXGroup;
			children = (
				BDCEC0C72A74035F0008CA34 /* LoginViewController.swift */,
			);
			path = LoginScene;
			sourceTree = "<group>";
		};
/* End PBXGroup section */

/* Begin PBXNativeTarget section */
		BD6349E52A6FAB9300F2F1AA /* Relocate Roadmap */ = {
			isa = PBXNativeTarget;
			buildConfigurationList = BD634A102A6FAB9400F2F1AA /* Build configuration list for PBXNativeTarget "Relocate Roadmap" */;
			buildPhases = (
				BD6349E22A6FAB9300F2F1AA /* Sources */,
				BD6349E32A6FAB9300F2F1AA /* Frameworks */,
				BD6349E42A6FAB9300F2F1AA /* Resources */,
			);
			buildRules = (
			);
			dependencies = (
			);
			name = "Relocate Roadmap";
			packageProductDependencies = (
				BD634A262A70044F00F2F1AA /* SnapKit */,
			);
			productName = "Relocate Roadmap";
			productReference = BD6349E62A6FAB9300F2F1AA /* Relocate Roadmap.app */;
			productType = "com.apple.product-type.application";
		};
		BD6349FB2A6FAB9400F2F1AA /* Relocate RoadmapTests */ = {
			isa = PBXNativeTarget;
			buildConfigurationList = BD634A132A6FAB9400F2F1AA /* Build configuration list for PBXNativeTarget "Relocate RoadmapTests" */;
			buildPhases = (
				BD6349F82A6FAB9400F2F1AA /* Sources */,
				BD6349F92A6FAB9400F2F1AA /* Frameworks */,
				BD6349FA2A6FAB9400F2F1AA /* Resources */,
			);
			buildRules = (
			);
			dependencies = (
				BD6349FE2A6FAB9400F2F1AA /* PBXTargetDependency */,
			);
			name = "Relocate RoadmapTests";
			productName = "Relocate RoadmapTests";
			productReference = BD6349FC2A6FAB9400F2F1AA /* Relocate RoadmapTests.xctest */;
			productType = "com.apple.product-type.bundle.unit-test";
		};
		BD634A052A6FAB9400F2F1AA /* Relocate RoadmapUITests */ = {
			isa = PBXNativeTarget;
			buildConfigurationList = BD634A162A6FAB9400F2F1AA /* Build configuration list for PBXNativeTarget "Relocate RoadmapUITests" */;
			buildPhases = (
				BD634A022A6FAB9400F2F1AA /* Sources */,
				BD634A032A6FAB9400F2F1AA /* Frameworks */,
				BD634A042A6FAB9400F2F1AA /* Resources */,
			);
			buildRules = (
			);
			dependencies = (
				BD634A082A6FAB9400F2F1AA /* PBXTargetDependency */,
			);
			name = "Relocate RoadmapUITests";
			productName = "Relocate RoadmapUITests";
			productReference = BD634A062A6FAB9400F2F1AA /* Relocate RoadmapUITests.xctest */;
			productType = "com.apple.product-type.bundle.ui-testing";
		};
/* End PBXNativeTarget section */

/* Begin PBXProject section */
		BD6349DE2A6FAB9300F2F1AA /* Project object */ = {
			isa = PBXProject;
			attributes = {
				BuildIndependentTargetsInParallel = 1;
				LastSwiftUpdateCheck = 1400;
				LastUpgradeCheck = 1400;
				TargetAttributes = {
					BD6349E52A6FAB9300F2F1AA = {
						CreatedOnToolsVersion = 14.0.1;
					};
					BD6349FB2A6FAB9400F2F1AA = {
						CreatedOnToolsVersion = 14.0.1;
						TestTargetID = BD6349E52A6FAB9300F2F1AA;
					};
					BD634A052A6FAB9400F2F1AA = {
						CreatedOnToolsVersion = 14.0.1;
						TestTargetID = BD6349E52A6FAB9300F2F1AA;
					};
				};
			};
			buildConfigurationList = BD6349E12A6FAB9300F2F1AA /* Build configuration list for PBXProject "Relocate Roadmap" */;
			compatibilityVersion = "Xcode 14.0";
			developmentRegion = en;
			hasScannedForEncodings = 0;
			knownRegions = (
				en,
				Base,
			);
			mainGroup = BD6349DD2A6FAB9300F2F1AA;
			packageReferences = (
				BD634A252A70044F00F2F1AA /* XCRemoteSwiftPackageReference "SnapKit" */,
			);
			productRefGroup = BD6349E72A6FAB9300F2F1AA /* Products */;
			projectDirPath = "";
			projectRoot = "";
			targets = (
				BD6349E52A6FAB9300F2F1AA /* Relocate Roadmap */,
				BD6349FB2A6FAB9400F2F1AA /* Relocate RoadmapTests */,
				BD634A052A6FAB9400F2F1AA /* Relocate RoadmapUITests */,
			);
		};
/* End PBXProject section */

/* Begin PBXResourcesBuildPhase section */
		BD6349E42A6FAB9300F2F1AA /* Resources */ = {
			isa = PBXResourcesBuildPhase;
			buildActionMask = 2147483647;
			files = (
				BD634A312A705CAF00F2F1AA /* Roboto-Medium.ttf in Resources */,
				BD634A332A705D2500F2F1AA /* Poppins-Bold.ttf in Resources */,
				BD634A352A705D2B00F2F1AA /* Roboto-Regular.ttf in Resources */,
				BD634A302A705CAC00F2F1AA /* Montserrat-SemiBold.ttf in Resources */,
				BD6349F62A6FAB9400F2F1AA /* LaunchScreen.storyboard in Resources */,
				BD634A322A705D2200F2F1AA /* Montserrat-Regular.ttf in Resources */,
				BD6349F32A6FAB9400F2F1AA /* Assets.xcassets in Resources */,
				BD634A342A705D2800F2F1AA /* Montserrat-Bold.ttf in Resources */,
			);
			runOnlyForDeploymentPostprocessing = 0;
		};
		BD6349FA2A6FAB9400F2F1AA /* Resources */ = {
			isa = PBXResourcesBuildPhase;
			buildActionMask = 2147483647;
			files = (
			);
			runOnlyForDeploymentPostprocessing = 0;
		};
		BD634A042A6FAB9400F2F1AA /* Resources */ = {
			isa = PBXResourcesBuildPhase;
			buildActionMask = 2147483647;
			files = (
			);
			runOnlyForDeploymentPostprocessing = 0;
		};
/* End PBXResourcesBuildPhase section */

/* Begin PBXSourcesBuildPhase section */
		BD6349E22A6FAB9300F2F1AA /* Sources */ = {
			isa = PBXSourcesBuildPhase;
			buildActionMask = 2147483647;
			files = (
				BD634A422A71048E00F2F1AA /* HelpButtonStyle.swift in Sources */,
				BDCEC0D12A7795D00008CA34 /* SecondaryButtonStyle.swift in Sources */,
				BD634A402A70EC7A00F2F1AA /* PrimaryButtonStyle.swift in Sources */,
				BD6349EE2A6FAB9300F2F1AA /* ChoosingRelocationOptionViewController.swift in Sources */,
				BDCEC0C82A74035F0008CA34 /* LoginViewController.swift in Sources */,
				BD68963C2A72B7E100561ACD /* ProfileTableViewCell.swift in Sources */,
				BD8ABFF72A73C46B00382D63 /* CustomTextField.swift in Sources */,
				BD6349EA2A6FAB9300F2F1AA /* AppDelegate.swift in Sources */,
				BD6896382A7295C700561ACD /* ChoosePartnerViewController.swift in Sources */,
				BD634A212A6FFFF500F2F1AA /* ViewModel.swift in Sources */,
				BD634A442A71049D00F2F1AA /* SearchButtonStyle.swift in Sources */,
				BD634A472A7129AA00F2F1AA /* MediumButton.swift in Sources */,
				BD634A382A70652C00F2F1AA /* Colors.swift in Sources */,
				BDCEC0D52A7811000008CA34 /* SmallButton.swift in Sources */,
				BDCEC0CC2A7406E10008CA34 /* OnboardingViewController.swift in Sources */,
				BD634A3C2A706EA400F2F1AA /* CustomButton.swift in Sources */,
				BD8ABFEF2A73050F00382D63 /* ChatViewController.swift in Sources */,
				BD634A242A7000F600F2F1AA /* SetupFindPartnerViewController.swift in Sources */,
				BDCEC0CE2A740D110008CA34 /* ChooseCountryViewController.swift in Sources */,
				BD6896362A72504500561ACD /* CustomSlider.swift in Sources */,
				BD68963F2A72BF3D00561ACD /* ProfileDetailViewController.swift in Sources */,
				BD8ABFF52A73A67600382D63 /* AuthorizationViewController.swift in Sources */,
				BDCEC0CA2A7405CB0008CA34 /* RegistrationViewController.swift in Sources */,
				BDCEC0C42A73D73D0008CA34 /* MediumTextField.swift in Sources */,
				BD634A2F2A705BA700F2F1AA /* CustomFonts.swift in Sources */,
				BD6349EC2A6FAB9300F2F1AA /* SceneDelegate.swift in Sources */,
				BDCEC0C62A73D8E60008CA34 /* PrimaryTextField.swift in Sources */,
				BD8ABFF22A73056600382D63 /* MessageCell.swift in Sources */,
			);
			runOnlyForDeploymentPostprocessing = 0;
		};
		BD6349F82A6FAB9400F2F1AA /* Sources */ = {
			isa = PBXSourcesBuildPhase;
			buildActionMask = 2147483647;
			files = (
				BD634A012A6FAB9400F2F1AA /* Relocate_RoadmapTests.swift in Sources */,
			);
			runOnlyForDeploymentPostprocessing = 0;
		};
		BD634A022A6FAB9400F2F1AA /* Sources */ = {
			isa = PBXSourcesBuildPhase;
			buildActionMask = 2147483647;
			files = (
				BD634A0D2A6FAB9400F2F1AA /* Relocate_RoadmapUITestsLaunchTests.swift in Sources */,
				BD634A0B2A6FAB9400F2F1AA /* Relocate_RoadmapUITests.swift in Sources */,
			);
			runOnlyForDeploymentPostprocessing = 0;
		};
/* End PBXSourcesBuildPhase section */

/* Begin PBXTargetDependency section */
		BD6349FE2A6FAB9400F2F1AA /* PBXTargetDependency */ = {
			isa = PBXTargetDependency;
			target = BD6349E52A6FAB9300F2F1AA /* Relocate Roadmap */;
			targetProxy = BD6349FD2A6FAB9400F2F1AA /* PBXContainerItemProxy */;
		};
		BD634A082A6FAB9400F2F1AA /* PBXTargetDependency */ = {
			isa = PBXTargetDependency;
			target = BD6349E52A6FAB9300F2F1AA /* Relocate Roadmap */;
			targetProxy = BD634A072A6FAB9400F2F1AA /* PBXContainerItemProxy */;
		};
/* End PBXTargetDependency section */

/* Begin PBXVariantGroup section */
		BD6349F42A6FAB9400F2F1AA /* LaunchScreen.storyboard */ = {
			isa = PBXVariantGroup;
			children = (
				BD6349F52A6FAB9400F2F1AA /* Base */,
			);
			name = LaunchScreen.storyboard;
			sourceTree = "<group>";
		};
/* End PBXVariantGroup section */

/* Begin XCBuildConfiguration section */
		BD634A0E2A6FAB9400F2F1AA /* Debug */ = {
			isa = XCBuildConfiguration;
			buildSettings = {
				ALWAYS_SEARCH_USER_PATHS = NO;
				CLANG_ANALYZER_NONNULL = YES;
				CLANG_ANALYZER_NUMBER_OBJECT_CONVERSION = YES_AGGRESSIVE;
				CLANG_CXX_LANGUAGE_STANDARD = "gnu++20";
				CLANG_ENABLE_MODULES = YES;
				CLANG_ENABLE_OBJC_ARC = YES;
				CLANG_ENABLE_OBJC_WEAK = YES;
				CLANG_WARN_BLOCK_CAPTURE_AUTORELEASING = YES;
				CLANG_WARN_BOOL_CONVERSION = YES;
				CLANG_WARN_COMMA = YES;
				CLANG_WARN_CONSTANT_CONVERSION = YES;
				CLANG_WARN_DEPRECATED_OBJC_IMPLEMENTATIONS = YES;
				CLANG_WARN_DIRECT_OBJC_ISA_USAGE = YES_ERROR;
				CLANG_WARN_DOCUMENTATION_COMMENTS = YES;
				CLANG_WARN_EMPTY_BODY = YES;
				CLANG_WARN_ENUM_CONVERSION = YES;
				CLANG_WARN_INFINITE_RECURSION = YES;
				CLANG_WARN_INT_CONVERSION = YES;
				CLANG_WARN_NON_LITERAL_NULL_CONVERSION = YES;
				CLANG_WARN_OBJC_IMPLICIT_RETAIN_SELF = YES;
				CLANG_WARN_OBJC_LITERAL_CONVERSION = YES;
				CLANG_WARN_OBJC_ROOT_CLASS = YES_ERROR;
				CLANG_WARN_QUOTED_INCLUDE_IN_FRAMEWORK_HEADER = YES;
				CLANG_WARN_RANGE_LOOP_ANALYSIS = YES;
				CLANG_WARN_STRICT_PROTOTYPES = YES;
				CLANG_WARN_SUSPICIOUS_MOVE = YES;
				CLANG_WARN_UNGUARDED_AVAILABILITY = YES_AGGRESSIVE;
				CLANG_WARN_UNREACHABLE_CODE = YES;
				CLANG_WARN__DUPLICATE_METHOD_MATCH = YES;
				COPY_PHASE_STRIP = NO;
				DEBUG_INFORMATION_FORMAT = dwarf;
				ENABLE_STRICT_OBJC_MSGSEND = YES;
				ENABLE_TESTABILITY = YES;
				GCC_C_LANGUAGE_STANDARD = gnu11;
				GCC_DYNAMIC_NO_PIC = NO;
				GCC_NO_COMMON_BLOCKS = YES;
				GCC_OPTIMIZATION_LEVEL = 0;
				GCC_PREPROCESSOR_DEFINITIONS = (
					"DEBUG=1",
					"$(inherited)",
				);
				GCC_WARN_64_TO_32_BIT_CONVERSION = YES;
				GCC_WARN_ABOUT_RETURN_TYPE = YES_ERROR;
				GCC_WARN_UNDECLARED_SELECTOR = YES;
				GCC_WARN_UNINITIALIZED_AUTOS = YES_AGGRESSIVE;
				GCC_WARN_UNUSED_FUNCTION = YES;
				GCC_WARN_UNUSED_VARIABLE = YES;
				IPHONEOS_DEPLOYMENT_TARGET = 14.2;
				MTL_ENABLE_DEBUG_INFO = INCLUDE_SOURCE;
				MTL_FAST_MATH = YES;
				ONLY_ACTIVE_ARCH = YES;
				SDKROOT = iphoneos;
				SWIFT_ACTIVE_COMPILATION_CONDITIONS = DEBUG;
				SWIFT_OPTIMIZATION_LEVEL = "-Onone";
			};
			name = Debug;
		};
		BD634A0F2A6FAB9400F2F1AA /* Release */ = {
			isa = XCBuildConfiguration;
			buildSettings = {
				ALWAYS_SEARCH_USER_PATHS = NO;
				CLANG_ANALYZER_NONNULL = YES;
				CLANG_ANALYZER_NUMBER_OBJECT_CONVERSION = YES_AGGRESSIVE;
				CLANG_CXX_LANGUAGE_STANDARD = "gnu++20";
				CLANG_ENABLE_MODULES = YES;
				CLANG_ENABLE_OBJC_ARC = YES;
				CLANG_ENABLE_OBJC_WEAK = YES;
				CLANG_WARN_BLOCK_CAPTURE_AUTORELEASING = YES;
				CLANG_WARN_BOOL_CONVERSION = YES;
				CLANG_WARN_COMMA = YES;
				CLANG_WARN_CONSTANT_CONVERSION = YES;
				CLANG_WARN_DEPRECATED_OBJC_IMPLEMENTATIONS = YES;
				CLANG_WARN_DIRECT_OBJC_ISA_USAGE = YES_ERROR;
				CLANG_WARN_DOCUMENTATION_COMMENTS = YES;
				CLANG_WARN_EMPTY_BODY = YES;
				CLANG_WARN_ENUM_CONVERSION = YES;
				CLANG_WARN_INFINITE_RECURSION = YES;
				CLANG_WARN_INT_CONVERSION = YES;
				CLANG_WARN_NON_LITERAL_NULL_CONVERSION = YES;
				CLANG_WARN_OBJC_IMPLICIT_RETAIN_SELF = YES;
				CLANG_WARN_OBJC_LITERAL_CONVERSION = YES;
				CLANG_WARN_OBJC_ROOT_CLASS = YES_ERROR;
				CLANG_WARN_QUOTED_INCLUDE_IN_FRAMEWORK_HEADER = YES;
				CLANG_WARN_RANGE_LOOP_ANALYSIS = YES;
				CLANG_WARN_STRICT_PROTOTYPES = YES;
				CLANG_WARN_SUSPICIOUS_MOVE = YES;
				CLANG_WARN_UNGUARDED_AVAILABILITY = YES_AGGRESSIVE;
				CLANG_WARN_UNREACHABLE_CODE = YES;
				CLANG_WARN__DUPLICATE_METHOD_MATCH = YES;
				COPY_PHASE_STRIP = NO;
				DEBUG_INFORMATION_FORMAT = "dwarf-with-dsym";
				ENABLE_NS_ASSERTIONS = NO;
				ENABLE_STRICT_OBJC_MSGSEND = YES;
				GCC_C_LANGUAGE_STANDARD = gnu11;
				GCC_NO_COMMON_BLOCKS = YES;
				GCC_WARN_64_TO_32_BIT_CONVERSION = YES;
				GCC_WARN_ABOUT_RETURN_TYPE = YES_ERROR;
				GCC_WARN_UNDECLARED_SELECTOR = YES;
				GCC_WARN_UNINITIALIZED_AUTOS = YES_AGGRESSIVE;
				GCC_WARN_UNUSED_FUNCTION = YES;
				GCC_WARN_UNUSED_VARIABLE = YES;
				IPHONEOS_DEPLOYMENT_TARGET = 14.2;
				MTL_ENABLE_DEBUG_INFO = NO;
				MTL_FAST_MATH = YES;
				SDKROOT = iphoneos;
				SWIFT_COMPILATION_MODE = wholemodule;
				SWIFT_OPTIMIZATION_LEVEL = "-O";
				VALIDATE_PRODUCT = YES;
			};
			name = Release;
		};
		BD634A112A6FAB9400F2F1AA /* Debug */ = {
			isa = XCBuildConfiguration;
			buildSettings = {
				ASSETCATALOG_COMPILER_APPICON_NAME = AppIcon;
				ASSETCATALOG_COMPILER_GLOBAL_ACCENT_COLOR_NAME = AccentColor;
				CODE_SIGN_STYLE = Automatic;
				CURRENT_PROJECT_VERSION = 1;
				DEVELOPMENT_TEAM = LKXH9JRFP8;
				GENERATE_INFOPLIST_FILE = YES;
				INFOPLIST_FILE = "Relocate Roadmap/Supporting Files/Info.plist";
				INFOPLIST_KEY_UIApplicationSupportsIndirectInputEvents = YES;
				INFOPLIST_KEY_UILaunchStoryboardName = LaunchScreen;
				INFOPLIST_KEY_UISupportedInterfaceOrientations = UIInterfaceOrientationPortrait;
				INFOPLIST_KEY_UISupportedInterfaceOrientations_iPad = "UIInterfaceOrientationLandscapeLeft UIInterfaceOrientationLandscapeRight UIInterfaceOrientationPortrait UIInterfaceOrientationPortraitUpsideDown";
				IPHONEOS_DEPLOYMENT_TARGET = 14.2;
				LD_RUNPATH_SEARCH_PATHS = (
					"$(inherited)",
					"@executable_path/Frameworks",
				);
				MARKETING_VERSION = 1.0;
				PRODUCT_BUNDLE_IDENTIFIER = "com.my.Relocate-Roadmap";
				PRODUCT_NAME = "$(TARGET_NAME)";
				SWIFT_EMIT_LOC_STRINGS = YES;
				SWIFT_VERSION = 5.0;
				TARGETED_DEVICE_FAMILY = "1,2";
			};
			name = Debug;
		};
		BD634A122A6FAB9400F2F1AA /* Release */ = {
			isa = XCBuildConfiguration;
			buildSettings = {
				ASSETCATALOG_COMPILER_APPICON_NAME = AppIcon;
				ASSETCATALOG_COMPILER_GLOBAL_ACCENT_COLOR_NAME = AccentColor;
				CODE_SIGN_STYLE = Automatic;
				CURRENT_PROJECT_VERSION = 1;
				DEVELOPMENT_TEAM = LKXH9JRFP8;
				GENERATE_INFOPLIST_FILE = YES;
				INFOPLIST_FILE = "Relocate Roadmap/Supporting Files/Info.plist";
				INFOPLIST_KEY_UIApplicationSupportsIndirectInputEvents = YES;
				INFOPLIST_KEY_UILaunchStoryboardName = LaunchScreen;
				INFOPLIST_KEY_UISupportedInterfaceOrientations = UIInterfaceOrientationPortrait;
				INFOPLIST_KEY_UISupportedInterfaceOrientations_iPad = "UIInterfaceOrientationLandscapeLeft UIInterfaceOrientationLandscapeRight UIInterfaceOrientationPortrait UIInterfaceOrientationPortraitUpsideDown";
				IPHONEOS_DEPLOYMENT_TARGET = 14.2;
				LD_RUNPATH_SEARCH_PATHS = (
					"$(inherited)",
					"@executable_path/Frameworks",
				);
				MARKETING_VERSION = 1.0;
				PRODUCT_BUNDLE_IDENTIFIER = "com.my.Relocate-Roadmap";
				PRODUCT_NAME = "$(TARGET_NAME)";
				SWIFT_EMIT_LOC_STRINGS = YES;
				SWIFT_VERSION = 5.0;
				TARGETED_DEVICE_FAMILY = "1,2";
			};
			name = Release;
		};
		BD634A142A6FAB9400F2F1AA /* Debug */ = {
			isa = XCBuildConfiguration;
			buildSettings = {
				ALWAYS_EMBED_SWIFT_STANDARD_LIBRARIES = YES;
				BUNDLE_LOADER = "$(TEST_HOST)";
				CODE_SIGN_STYLE = Automatic;
				CURRENT_PROJECT_VERSION = 1;
				DEVELOPMENT_TEAM = LKXH9JRFP8;
				GENERATE_INFOPLIST_FILE = YES;
				IPHONEOS_DEPLOYMENT_TARGET = 16.0;
				MARKETING_VERSION = 1.0;
				PRODUCT_BUNDLE_IDENTIFIER = "com.my.Relocate-RoadmapTests";
				PRODUCT_NAME = "$(TARGET_NAME)";
				SWIFT_EMIT_LOC_STRINGS = NO;
				SWIFT_VERSION = 5.0;
				TARGETED_DEVICE_FAMILY = "1,2";
				TEST_HOST = "$(BUILT_PRODUCTS_DIR)/Relocate Roadmap.app/$(BUNDLE_EXECUTABLE_FOLDER_PATH)/Relocate Roadmap";
			};
			name = Debug;
		};
		BD634A152A6FAB9400F2F1AA /* Release */ = {
			isa = XCBuildConfiguration;
			buildSettings = {
				ALWAYS_EMBED_SWIFT_STANDARD_LIBRARIES = YES;
				BUNDLE_LOADER = "$(TEST_HOST)";
				CODE_SIGN_STYLE = Automatic;
				CURRENT_PROJECT_VERSION = 1;
				DEVELOPMENT_TEAM = LKXH9JRFP8;
				GENERATE_INFOPLIST_FILE = YES;
				IPHONEOS_DEPLOYMENT_TARGET = 16.0;
				MARKETING_VERSION = 1.0;
				PRODUCT_BUNDLE_IDENTIFIER = "com.my.Relocate-RoadmapTests";
				PRODUCT_NAME = "$(TARGET_NAME)";
				SWIFT_EMIT_LOC_STRINGS = NO;
				SWIFT_VERSION = 5.0;
				TARGETED_DEVICE_FAMILY = "1,2";
				TEST_HOST = "$(BUILT_PRODUCTS_DIR)/Relocate Roadmap.app/$(BUNDLE_EXECUTABLE_FOLDER_PATH)/Relocate Roadmap";
			};
			name = Release;
		};
		BD634A172A6FAB9400F2F1AA /* Debug */ = {
			isa = XCBuildConfiguration;
			buildSettings = {
				ALWAYS_EMBED_SWIFT_STANDARD_LIBRARIES = YES;
				CODE_SIGN_STYLE = Automatic;
				CURRENT_PROJECT_VERSION = 1;
				DEVELOPMENT_TEAM = LKXH9JRFP8;
				GENERATE_INFOPLIST_FILE = YES;
				MARKETING_VERSION = 1.0;
				PRODUCT_BUNDLE_IDENTIFIER = "com.my.Relocate-RoadmapUITests";
				PRODUCT_NAME = "$(TARGET_NAME)";
				SWIFT_EMIT_LOC_STRINGS = NO;
				SWIFT_VERSION = 5.0;
				TARGETED_DEVICE_FAMILY = "1,2";
				TEST_TARGET_NAME = "Relocate Roadmap";
			};
			name = Debug;
		};
		BD634A182A6FAB9400F2F1AA /* Release */ = {
			isa = XCBuildConfiguration;
			buildSettings = {
				ALWAYS_EMBED_SWIFT_STANDARD_LIBRARIES = YES;
				CODE_SIGN_STYLE = Automatic;
				CURRENT_PROJECT_VERSION = 1;
				DEVELOPMENT_TEAM = LKXH9JRFP8;
				GENERATE_INFOPLIST_FILE = YES;
				MARKETING_VERSION = 1.0;
				PRODUCT_BUNDLE_IDENTIFIER = "com.my.Relocate-RoadmapUITests";
				PRODUCT_NAME = "$(TARGET_NAME)";
				SWIFT_EMIT_LOC_STRINGS = NO;
				SWIFT_VERSION = 5.0;
				TARGETED_DEVICE_FAMILY = "1,2";
				TEST_TARGET_NAME = "Relocate Roadmap";
			};
			name = Release;
		};
/* End XCBuildConfiguration section */

/* Begin XCConfigurationList section */
		BD6349E12A6FAB9300F2F1AA /* Build configuration list for PBXProject "Relocate Roadmap" */ = {
			isa = XCConfigurationList;
			buildConfigurations = (
				BD634A0E2A6FAB9400F2F1AA /* Debug */,
				BD634A0F2A6FAB9400F2F1AA /* Release */,
			);
			defaultConfigurationIsVisible = 0;
			defaultConfigurationName = Release;
		};
		BD634A102A6FAB9400F2F1AA /* Build configuration list for PBXNativeTarget "Relocate Roadmap" */ = {
			isa = XCConfigurationList;
			buildConfigurations = (
				BD634A112A6FAB9400F2F1AA /* Debug */,
				BD634A122A6FAB9400F2F1AA /* Release */,
			);
			defaultConfigurationIsVisible = 0;
			defaultConfigurationName = Release;
		};
		BD634A132A6FAB9400F2F1AA /* Build configuration list for PBXNativeTarget "Relocate RoadmapTests" */ = {
			isa = XCConfigurationList;
			buildConfigurations = (
				BD634A142A6FAB9400F2F1AA /* Debug */,
				BD634A152A6FAB9400F2F1AA /* Release */,
			);
			defaultConfigurationIsVisible = 0;
			defaultConfigurationName = Release;
		};
		BD634A162A6FAB9400F2F1AA /* Build configuration list for PBXNativeTarget "Relocate RoadmapUITests" */ = {
			isa = XCConfigurationList;
			buildConfigurations = (
				BD634A172A6FAB9400F2F1AA /* Debug */,
				BD634A182A6FAB9400F2F1AA /* Release */,
			);
			defaultConfigurationIsVisible = 0;
			defaultConfigurationName = Release;
		};
/* End XCConfigurationList section */

/* Begin XCRemoteSwiftPackageReference section */
		BD634A252A70044F00F2F1AA /* XCRemoteSwiftPackageReference "SnapKit" */ = {
			isa = XCRemoteSwiftPackageReference;
			repositoryURL = "https://github.com/SnapKit/SnapKit.git";
			requirement = {
				kind = upToNextMinorVersion;
				minimumVersion = 5.6.0;
			};
		};
/* End XCRemoteSwiftPackageReference section */

/* Begin XCSwiftPackageProductDependency section */
		BD634A262A70044F00F2F1AA /* SnapKit */ = {
			isa = XCSwiftPackageProductDependency;
			package = BD634A252A70044F00F2F1AA /* XCRemoteSwiftPackageReference "SnapKit" */;
			productName = SnapKit;
		};
/* End XCSwiftPackageProductDependency section */
	};
	rootObject = BD6349DE2A6FAB9300F2F1AA /* Project object */;
}
